{
  "name": "0062e0f8ee31615a",
  "lockfileVersion": 3,
  "requires": true,
  "packages": {
    "": {
      "dependencies": {
        "modern-web-guidance": "^0.0.173"
      }
    },
    "node_modules/modern-web-guidance": {
      "version": "0.0.173",
      "resolved": "https://registry.npmjs.org/modern-web-guidance/-/modern-web-guidance-0.0.173.tgz",
      "integrity": "sha512-J3GaJAJr0yBB+BLV3kaNS68T83Lonx/dkKT98pe7FkQP+Z2WojopVvct/2aemIq0Cfyl6BkPgJcaNRskwhr/zA==",
      "license": "Apache-2.0",
      "bin": {
        "modern-web-guidance": "skills/modern-web-guidance/modern-web.mjs"
      },
      "engines": {
        "node": ">=20.0.0",
        "vscode": "^1.90.0"
      }
    }
  }
}
